// !$*UTF8*$!
{
	archiveVersion = 1;
	classes = {
	};
	objectVersion = 56;
	objects = {

/* Begin PBXBuildFile section */
		0E69BB7A2AD01F9100FE870F /* bumonsterappApp.swift in Sources */ = {isa = PBXBuildFile; fileRef = 0E69BB792AD01F9100FE870F /* bumonsterappApp.swift */; };
		0E69BB7C2AD01F9100FE870F /* ContentView.swift in Sources */ = {isa = PBXBuildFile; fileRef = 0E69BB7B2AD01F9100FE870F /* ContentView.swift */; };
		0E69BB7E2AD01F9200FE870F /* Assets.xcassets in Resources */ = {isa = PBXBuildFile; fileRef = 0E69BB7D2AD01F9200FE870F /* Assets.xcassets */; };
		0E69BB812AD01F9200FE870F /* Preview Assets.xcassets in Resources */ = {isa = PBXBuildFile; fileRef = 0E69BB802AD01F9200FE870F /* Preview Assets.xcassets */; };
		0E69BB8D2AD0620400FE870F /* SwiftUIView.swift in Sources */ = {isa = PBXBuildFile; fileRef = 0E69BB8C2AD0620400FE870F /* SwiftUIView.swift */; };
		0E69BB8F2AD0621F00FE870F /* HomeViewModel.swift in Sources */ = {isa = PBXBuildFile; fileRef = 0E69BB8E2AD0621F00FE870F /* HomeViewModel.swift */; };
		0E69BB912AD0623500FE870F /* LoginPageModel.swift in Sources */ = {isa = PBXBuildFile; fileRef = 0E69BB902AD0623500FE870F /* LoginPageModel.swift */; };
		0E69BB962AD0625D00FE870F /* Home.swift in Sources */ = {isa = PBXBuildFile; fileRef = 0E69BB952AD0625D00FE870F /* Home.swift */; };
		0E69BB982AD0627500FE870F /* ProfilePage.swift in Sources */ = {isa = PBXBuildFile; fileRef = 0E69BB972AD0627500FE870F /* ProfilePage.swift */; };
		0E69BB9C2AD062A800FE870F /* LikedPage.swift in Sources */ = {isa = PBXBuildFile; fileRef = 0E69BB9B2AD062A800FE870F /* LikedPage.swift */; };
		0E69BB9E2AD062BE00FE870F /* CartPage.swift in Sources */ = {isa = PBXBuildFile; fileRef = 0E69BB9D2AD062BE00FE870F /* CartPage.swift */; };
		0E69BBA02AD062D200FE870F /* ProductListing.swift in Sources */ = {isa = PBXBuildFile; fileRef = 0E69BB9F2AD062D200FE870F /* ProductListing.swift */; };
		0E69BBA22AD062E800FE870F /* StaggeredGrid.swift in Sources */ = {isa = PBXBuildFile; fileRef = 0E69BBA12AD062E800FE870F /* StaggeredGrid.swift */; };
		0E69BBA42AD062FE00FE870F /* OnBoardingPage.swift in Sources */ = {isa = PBXBuildFile; fileRef = 0E69BBA32AD062FE00FE870F /* OnBoardingPage.swift */; };
		0E69BBA62AD0631300FE870F /* LoginPage.swift in Sources */ = {isa = PBXBuildFile; fileRef = 0E69BBA52AD0631300FE870F /* LoginPage.swift */; };
		0E69BBA82AD0632F00FE870F /* ProductView.swift in Sources */ = {isa = PBXBuildFile; fileRef = 0E69BBA72AD0632F00FE870F /* ProductView.swift */; };
		0E69BBAA2AD0634100FE870F /* CustomCorners.swift in Sources */ = {isa = PBXBuildFile; fileRef = 0E69BBA92AD0634100FE870F /* CustomCorners.swift */; };
		0E69BBAC2AD0635300FE870F /* MainPage.swift in Sources */ = {isa = PBXBuildFile; fileRef = 0E69BBAB2AD0635300FE870F /* MainPage.swift */; };
		0E69BBAE2AD0636600FE870F /* MoreProductsView.swift in Sources */ = {isa = PBXBuildFile; fileRef = 0E69BBAD2AD0636600FE870F /* MoreProductsView.swift */; };
		0E69BBB02AD0637B00FE870F /* SearchView.swift in Sources */ = {isa = PBXBuildFile; fileRef = 0E69BBAF2AD0637B00FE870F /* SearchView.swift */; };
		0E69BBB22AD0639000FE870F /* OrderConfirmationPage.swift in Sources */ = {isa = PBXBuildFile; fileRef = 0E69BBB12AD0639000FE870F /* OrderConfirmationPage.swift */; };
		0E69BBB42AD063A300FE870F /* ThemeButton.swift in Sources */ = {isa = PBXBuildFile; fileRef = 0E69BBB32AD063A300FE870F /* ThemeButton.swift */; };
		0E69BBB62AD063B600FE870F /* AppLogo.swift in Sources */ = {isa = PBXBuildFile; fileRef = 0E69BBB52AD063B600FE870F /* AppLogo.swift */; };
		0E69BBB82AD063CA00FE870F /* ProductDetailsPage.swift in Sources */ = {isa = PBXBuildFile; fileRef = 0E69BBB72AD063CA00FE870F /* ProductDetailsPage.swift */; };
		0E69BBBA2AD063E500FE870F /* ReferAFriendView.swift in Sources */ = {isa = PBXBuildFile; fileRef = 0E69BBB92AD063E500FE870F /* ReferAFriendView.swift */; };
		0E69BBBC2AD063F900FE870F /* BackButton.swift in Sources */ = {isa = PBXBuildFile; fileRef = 0E69BBBB2AD063F900FE870F /* BackButton.swift */; };
		0E69BBC12AD0648600FE870F /* BranchSDK in Frameworks */ = {isa = PBXBuildFile; productRef = 0E69BBC02AD0648600FE870F /* BranchSDK */; };
		0E69BBC32AD0661200FE870F /* Product.swift in Sources */ = {isa = PBXBuildFile; fileRef = 0E69BBC22AD0661200FE870F /* Product.swift */; };
		0E69BBC52AD0667D00FE870F /* Constants.swift in Sources */ = {isa = PBXBuildFile; fileRef = 0E69BBC42AD0667D00FE870F /* Constants.swift */; };
		0E69BBC82AD0691C00FE870F /* CoreServices.framework in Frameworks */ = {isa = PBXBuildFile; fileRef = 0E69BBC72AD0691C00FE870F /* CoreServices.framework */; };
		0E69BBCA2AD0692300FE870F /* SystemConfiguration.framework in Frameworks */ = {isa = PBXBuildFile; fileRef = 0E69BBC92AD0692300FE870F /* SystemConfiguration.framework */; };
		0E69BBCC2AD0692900FE870F /* CoreTelephony.framework in Frameworks */ = {isa = PBXBuildFile; fileRef = 0E69BBCB2AD0692900FE870F /* CoreTelephony.framework */; };
		0E69BBCE2AD0693000FE870F /* WebKit.framework in Frameworks */ = {isa = PBXBuildFile; fileRef = 0E69BBCD2AD0693000FE870F /* WebKit.framework */; };
		0E69BBD02AD0693700FE870F /* CoreSpotlight.framework in Frameworks */ = {isa = PBXBuildFile; fileRef = 0E69BBCF2AD0693700FE870F /* CoreSpotlight.framework */; };
		0E69BBD22AD0693D00FE870F /* AdServices.framework in Frameworks */ = {isa = PBXBuildFile; fileRef = 0E69BBD12AD0693D00FE870F /* AdServices.framework */; };
		0E69BBD42AD0694500FE870F /* AdSupport.framework in Frameworks */ = {isa = PBXBuildFile; fileRef = 0E69BBD32AD0694500FE870F /* AdSupport.framework */; };
		0E69BBD62AD0694B00FE870F /* StoreKit.framework in Frameworks */ = {isa = PBXBuildFile; fileRef = 0E69BBD52AD0694B00FE870F /* StoreKit.framework */; };
		0E69BBD82AD0695100FE870F /* LinkPresentation.framework in Frameworks */ = {isa = PBXBuildFile; fileRef = 0E69BBD72AD0695100FE870F /* LinkPresentation.framework */; };
		7F098E372C3EB4E500DB7A47 /* ActivityViewController.swift in Sources */ = {isa = PBXBuildFile; fileRef = 7F098E362C3EB4E500DB7A47 /* ActivityViewController.swift */; };
		7F098E392C3EE59600DB7A47 /* DeepLinkViewModel.swift in Sources */ = {isa = PBXBuildFile; fileRef = 7F098E382C3EE59600DB7A47 /* DeepLinkViewModel.swift */; };
		7F098E3F2C3FB15200DB7A47 /* ShareView.swift in Sources */ = {isa = PBXBuildFile; fileRef = 7F098E3E2C3FB15200DB7A47 /* ShareView.swift */; };
		7F098E412C402FD300DB7A47 /* ToastView.swift in Sources */ = {isa = PBXBuildFile; fileRef = 7F098E402C402FD300DB7A47 /* ToastView.swift */; };
		7F098E432C4589DA00DB7A47 /* WebViewController.swift in Sources */ = {isa = PBXBuildFile; fileRef = 7F098E422C4589DA00DB7A47 /* WebViewController.swift */; };
		7F098E452C458CB400DB7A47 /* WebViewContainer.swift in Sources */ = {isa = PBXBuildFile; fileRef = 7F098E442C458CB400DB7A47 /* WebViewContainer.swift */; };
		7F098E472C45A77800DB7A47 /* BranchEvents.swift in Sources */ = {isa = PBXBuildFile; fileRef = 7F098E462C45A77800DB7A47 /* BranchEvents.swift */; };
/* End PBXBuildFile section */

/* Begin PBXFileReference section */
		0E69BB762AD01F9100FE870F /* bumonsterapp.app */ = {isa = PBXFileReference; explicitFileType = wrapper.application; includeInIndex = 0; path = bumonsterapp.app; sourceTree = BUILT_PRODUCTS_DIR; };
		0E69BB792AD01F9100FE870F /* bumonsterappApp.swift */ = {isa = PBXFileReference; lastKnownFileType = sourcecode.swift; path = bumonsterappApp.swift; sourceTree = "<group>"; };
		0E69BB7B2AD01F9100FE870F /* ContentView.swift */ = {isa = PBXFileReference; lastKnownFileType = sourcecode.swift; path = ContentView.swift; sourceTree = "<group>"; };
		0E69BB7D2AD01F9200FE870F /* Assets.xcassets */ = {isa = PBXFileReference; lastKnownFileType = folder.assetcatalog; path = Assets.xcassets; sourceTree = "<group>"; };
		0E69BB802AD01F9200FE870F /* Preview Assets.xcassets */ = {isa = PBXFileReference; lastKnownFileType = folder.assetcatalog; path = "Preview Assets.xcassets"; sourceTree = "<group>"; };
		0E69BB8C2AD0620400FE870F /* SwiftUIView.swift */ = {isa = PBXFileReference; lastKnownFileType = sourcecode.swift; path = SwiftUIView.swift; sourceTree = "<group>"; };
		0E69BB8E2AD0621F00FE870F /* HomeViewModel.swift */ = {isa = PBXFileReference; lastKnownFileType = sourcecode.swift; path = HomeViewModel.swift; sourceTree = "<group>"; };
		0E69BB902AD0623500FE870F /* LoginPageModel.swift */ = {isa = PBXFileReference; lastKnownFileType = sourcecode.swift; path = LoginPageModel.swift; sourceTree = "<group>"; };
		0E69BB922AD0624A00FE870F /* Raleway-SemiBold.ttf */ = {isa = PBXFileReference; lastKnownFileType = file; name = "Raleway-SemiBold.ttf"; path = "../../../../Downloads/monsterapp 6/monsterapp/Fonts/Raleway-SemiBold.ttf"; sourceTree = "<group>"; };
		0E69BB932AD0624B00FE870F /* Raleway-Bold.ttf */ = {isa = PBXFileReference; lastKnownFileType = file; name = "Raleway-Bold.ttf"; path = "../../../../Downloads/monsterapp 6/monsterapp/Fonts/Raleway-Bold.ttf"; sourceTree = "<group>"; };
		0E69BB942AD0624B00FE870F /* Raleway-Regular.ttf */ = {isa = PBXFileReference; lastKnownFileType = file; name = "Raleway-Regular.ttf"; path = "../../../../Downloads/monsterapp 6/monsterapp/Fonts/Raleway-Regular.ttf"; sourceTree = "<group>"; };
		0E69BB952AD0625D00FE870F /* Home.swift */ = {isa = PBXFileReference; lastKnownFileType = sourcecode.swift; path = Home.swift; sourceTree = "<group>"; };
		0E69BB972AD0627500FE870F /* ProfilePage.swift */ = {isa = PBXFileReference; lastKnownFileType = sourcecode.swift; path = ProfilePage.swift; sourceTree = "<group>"; };
		0E69BB9B2AD062A800FE870F /* LikedPage.swift */ = {isa = PBXFileReference; lastKnownFileType = sourcecode.swift; path = LikedPage.swift; sourceTree = "<group>"; };
		0E69BB9D2AD062BE00FE870F /* CartPage.swift */ = {isa = PBXFileReference; lastKnownFileType = sourcecode.swift; path = CartPage.swift; sourceTree = "<group>"; };
		0E69BB9F2AD062D200FE870F /* ProductListing.swift */ = {isa = PBXFileReference; lastKnownFileType = sourcecode.swift; path = ProductListing.swift; sourceTree = "<group>"; };
		0E69BBA12AD062E800FE870F /* StaggeredGrid.swift */ = {isa = PBXFileReference; lastKnownFileType = sourcecode.swift; path = StaggeredGrid.swift; sourceTree = "<group>"; };
		0E69BBA32AD062FE00FE870F /* OnBoardingPage.swift */ = {isa = PBXFileReference; lastKnownFileType = sourcecode.swift; path = OnBoardingPage.swift; sourceTree = "<group>"; };
		0E69BBA52AD0631300FE870F /* LoginPage.swift */ = {isa = PBXFileReference; lastKnownFileType = sourcecode.swift; path = LoginPage.swift; sourceTree = "<group>"; };
		0E69BBA72AD0632F00FE870F /* ProductView.swift */ = {isa = PBXFileReference; lastKnownFileType = sourcecode.swift; path = ProductView.swift; sourceTree = "<group>"; };
		0E69BBA92AD0634100FE870F /* CustomCorners.swift */ = {isa = PBXFileReference; lastKnownFileType = sourcecode.swift; path = CustomCorners.swift; sourceTree = "<group>"; };
		0E69BBAB2AD0635300FE870F /* MainPage.swift */ = {isa = PBXFileReference; lastKnownFileType = sourcecode.swift; path = MainPage.swift; sourceTree = "<group>"; };
		0E69BBAD2AD0636600FE870F /* MoreProductsView.swift */ = {isa = PBXFileReference; lastKnownFileType = sourcecode.swift; path = MoreProductsView.swift; sourceTree = "<group>"; };
		0E69BBAF2AD0637B00FE870F /* SearchView.swift */ = {isa = PBXFileReference; lastKnownFileType = sourcecode.swift; path = SearchView.swift; sourceTree = "<group>"; };
		0E69BBB12AD0639000FE870F /* OrderConfirmationPage.swift */ = {isa = PBXFileReference; lastKnownFileType = sourcecode.swift; path = OrderConfirmationPage.swift; sourceTree = "<group>"; };
		0E69BBB32AD063A300FE870F /* ThemeButton.swift */ = {isa = PBXFileReference; lastKnownFileType = sourcecode.swift; path = ThemeButton.swift; sourceTree = "<group>"; };
		0E69BBB52AD063B600FE870F /* AppLogo.swift */ = {isa = PBXFileReference; lastKnownFileType = sourcecode.swift; path = AppLogo.swift; sourceTree = "<group>"; };
		0E69BBB72AD063CA00FE870F /* ProductDetailsPage.swift */ = {isa = PBXFileReference; lastKnownFileType = sourcecode.swift; path = ProductDetailsPage.swift; sourceTree = "<group>"; };
		0E69BBB92AD063E500FE870F /* ReferAFriendView.swift */ = {isa = PBXFileReference; lastKnownFileType = sourcecode.swift; path = ReferAFriendView.swift; sourceTree = "<group>"; };
		0E69BBBB2AD063F900FE870F /* BackButton.swift */ = {isa = PBXFileReference; lastKnownFileType = sourcecode.swift; path = BackButton.swift; sourceTree = "<group>"; };
		0E69BBBD2AD0640C00FE870F /* bumonsterapp.entitlements */ = {isa = PBXFileReference; lastKnownFileType = text.plist.entitlements; path = bumonsterapp.entitlements; sourceTree = "<group>"; };
		0E69BBBE2AD0643000FE870F /* Info.plist */ = {isa = PBXFileReference; lastKnownFileType = text.plist; path = Info.plist; sourceTree = "<group>"; };
		0E69BBC22AD0661200FE870F /* Product.swift */ = {isa = PBXFileReference; lastKnownFileType = sourcecode.swift; path = Product.swift; sourceTree = "<group>"; };
		0E69BBC42AD0667D00FE870F /* Constants.swift */ = {isa = PBXFileReference; lastKnownFileType = sourcecode.swift; path = Constants.swift; sourceTree = "<group>"; };
		0E69BBC72AD0691C00FE870F /* CoreServices.framework */ = {isa = PBXFileReference; lastKnownFileType = wrapper.framework; name = CoreServices.framework; path = System/Library/Frameworks/CoreServices.framework; sourceTree = SDKROOT; };
		0E69BBC92AD0692300FE870F /* SystemConfiguration.framework */ = {isa = PBXFileReference; lastKnownFileType = wrapper.framework; name = SystemConfiguration.framework; path = System/Library/Frameworks/SystemConfiguration.framework; sourceTree = SDKROOT; };
		0E69BBCB2AD0692900FE870F /* CoreTelephony.framework */ = {isa = PBXFileReference; lastKnownFileType = wrapper.framework; name = CoreTelephony.framework; path = System/Library/Frameworks/CoreTelephony.framework; sourceTree = SDKROOT; };
		0E69BBCD2AD0693000FE870F /* WebKit.framework */ = {isa = PBXFileReference; lastKnownFileType = wrapper.framework; name = WebKit.framework; path = System/Library/Frameworks/WebKit.framework; sourceTree = SDKROOT; };
		0E69BBCF2AD0693700FE870F /* CoreSpotlight.framework */ = {isa = PBXFileReference; lastKnownFileType = wrapper.framework; name = CoreSpotlight.framework; path = System/Library/Frameworks/CoreSpotlight.framework; sourceTree = SDKROOT; };
		0E69BBD12AD0693D00FE870F /* AdServices.framework */ = {isa = PBXFileReference; lastKnownFileType = wrapper.framework; name = AdServices.framework; path = System/Library/Frameworks/AdServices.framework; sourceTree = SDKROOT; };
		0E69BBD32AD0694500FE870F /* AdSupport.framework */ = {isa = PBXFileReference; lastKnownFileType = wrapper.framework; name = AdSupport.framework; path = System/Library/Frameworks/AdSupport.framework; sourceTree = SDKROOT; };
		0E69BBD52AD0694B00FE870F /* StoreKit.framework */ = {isa = PBXFileReference; lastKnownFileType = wrapper.framework; name = StoreKit.framework; path = System/Library/Frameworks/StoreKit.framework; sourceTree = SDKROOT; };
		0E69BBD72AD0695100FE870F /* LinkPresentation.framework */ = {isa = PBXFileReference; lastKnownFileType = wrapper.framework; name = LinkPresentation.framework; path = System/Library/Frameworks/LinkPresentation.framework; sourceTree = SDKROOT; };
		7F098E362C3EB4E500DB7A47 /* ActivityViewController.swift */ = {isa = PBXFileReference; lastKnownFileType = sourcecode.swift; path = ActivityViewController.swift; sourceTree = "<group>"; };
		7F098E382C3EE59600DB7A47 /* DeepLinkViewModel.swift */ = {isa = PBXFileReference; lastKnownFileType = sourcecode.swift; path = DeepLinkViewModel.swift; sourceTree = "<group>"; };
		7F098E3E2C3FB15200DB7A47 /* ShareView.swift */ = {isa = PBXFileReference; lastKnownFileType = sourcecode.swift; path = ShareView.swift; sourceTree = "<group>"; };
		7F098E402C402FD300DB7A47 /* ToastView.swift */ = {isa = PBXFileReference; lastKnownFileType = sourcecode.swift; path = ToastView.swift; sourceTree = "<group>"; };
		7F098E422C4589DA00DB7A47 /* WebViewController.swift */ = {isa = PBXFileReference; lastKnownFileType = sourcecode.swift; path = WebViewController.swift; sourceTree = "<group>"; };
		7F098E442C458CB400DB7A47 /* WebViewContainer.swift */ = {isa = PBXFileReference; lastKnownFileType = sourcecode.swift; path = WebViewContainer.swift; sourceTree = "<group>"; };
		7F098E462C45A77800DB7A47 /* BranchEvents.swift */ = {isa = PBXFileReference; lastKnownFileType = sourcecode.swift; path = BranchEvents.swift; sourceTree = "<group>"; };
/* End PBXFileReference section */

/* Begin PBXFrameworksBuildPhase section */
		0E69BB732AD01F9100FE870F /* Frameworks */ = {
			isa = PBXFrameworksBuildPhase;
			buildActionMask = 2147483647;
			files = (
				0E69BBD62AD0694B00FE870F /* StoreKit.framework in Frameworks */,
				0E69BBCE2AD0693000FE870F /* WebKit.framework in Frameworks */,
				0E69BBD42AD0694500FE870F /* AdSupport.framework in Frameworks */,
				0E69BBCC2AD0692900FE870F /* CoreTelephony.framework in Frameworks */,
				0E69BBD02AD0693700FE870F /* CoreSpotlight.framework in Frameworks */,
				0E69BBC12AD0648600FE870F /* BranchSDK in Frameworks */,
				0E69BBD82AD0695100FE870F /* LinkPresentation.framework in Frameworks */,
				0E69BBCA2AD0692300FE870F /* SystemConfiguration.framework in Frameworks */,
				0E69BBC82AD0691C00FE870F /* CoreServices.framework in Frameworks */,
				0E69BBD22AD0693D00FE870F /* AdServices.framework in Frameworks */,
			);
			runOnlyForDeploymentPostprocessing = 0;
		};
/* End PBXFrameworksBuildPhase section */

/* Begin PBXGroup section */
		0E69BB6D2AD01F9100FE870F = {
			isa = PBXGroup;
			children = (
				0E69BB782AD01F9100FE870F /* bumonsterapp */,
				0E69BB772AD01F9100FE870F /* Products */,
				0E69BBC62AD0691B00FE870F /* Frameworks */,
			);
			sourceTree = "<group>";
		};
		0E69BB772AD01F9100FE870F /* Products */ = {
			isa = PBXGroup;
			children = (
				0E69BB762AD01F9100FE870F /* bumonsterapp.app */,
			);
			name = Products;
			sourceTree = "<group>";
		};
		0E69BB782AD01F9100FE870F /* bumonsterapp */ = {
			isa = PBXGroup;
			children = (
				0E69BBBE2AD0643000FE870F /* Info.plist */,
				0E69BBBD2AD0640C00FE870F /* bumonsterapp.entitlements */,
				0E69BB8A2AD0209200FE870F /* View */,
				0E69BB892AD0208900FE870F /* Fonts */,
				0E69BB882AD0207D00FE870F /* ViewModel */,
				0E69BB872AD0207500FE870F /* Model */,
				0E69BB792AD01F9100FE870F /* bumonsterappApp.swift */,
				0E69BB7B2AD01F9100FE870F /* ContentView.swift */,
				0E69BB7D2AD01F9200FE870F /* Assets.xcassets */,
				0E69BBC42AD0667D00FE870F /* Constants.swift */,
				0E69BB7F2AD01F9200FE870F /* Preview Content */,
			);
			path = bumonsterapp;
			sourceTree = "<group>";
		};
		0E69BB7F2AD01F9200FE870F /* Preview Content */ = {
			isa = PBXGroup;
			children = (
				0E69BB802AD01F9200FE870F /* Preview Assets.xcassets */,
			);
			path = "Preview Content";
			sourceTree = "<group>";
		};
		0E69BB872AD0207500FE870F /* Model */ = {
			isa = PBXGroup;
			children = (
				0E69BBC22AD0661200FE870F /* Product.swift */,
			);
			path = Model;
			sourceTree = "<group>";
		};
		0E69BB882AD0207D00FE870F /* ViewModel */ = {
			isa = PBXGroup;
			children = (
				0E69BB8C2AD0620400FE870F /* SwiftUIView.swift */,
				0E69BB8E2AD0621F00FE870F /* HomeViewModel.swift */,
				0E69BB902AD0623500FE870F /* LoginPageModel.swift */,
				7F098E382C3EE59600DB7A47 /* DeepLinkViewModel.swift */,
			);
			path = ViewModel;
			sourceTree = "<group>";
		};
		0E69BB892AD0208900FE870F /* Fonts */ = {
			isa = PBXGroup;
			children = (
				0E69BB932AD0624B00FE870F /* Raleway-Bold.ttf */,
				0E69BB942AD0624B00FE870F /* Raleway-Regular.ttf */,
				0E69BB922AD0624A00FE870F /* Raleway-SemiBold.ttf */,
			);
			path = Fonts;
			sourceTree = "<group>";
		};
		0E69BB8A2AD0209200FE870F /* View */ = {
			isa = PBXGroup;
			children = (
				0E69BB8B2AD0209D00FE870F /* TabViews */,
				0E69BBA12AD062E800FE870F /* StaggeredGrid.swift */,
				7F098E462C45A77800DB7A47 /* BranchEvents.swift */,
				0E69BBA32AD062FE00FE870F /* OnBoardingPage.swift */,
				0E69BBA52AD0631300FE870F /* LoginPage.swift */,
				0E69BBA72AD0632F00FE870F /* ProductView.swift */,
				0E69BBA92AD0634100FE870F /* CustomCorners.swift */,
				0E69BBAB2AD0635300FE870F /* MainPage.swift */,
				0E69BBAD2AD0636600FE870F /* MoreProductsView.swift */,
				0E69BBAF2AD0637B00FE870F /* SearchView.swift */,
				0E69BBB12AD0639000FE870F /* OrderConfirmationPage.swift */,
				0E69BBB32AD063A300FE870F /* ThemeButton.swift */,
				0E69BBB52AD063B600FE870F /* AppLogo.swift */,
				0E69BBB72AD063CA00FE870F /* ProductDetailsPage.swift */,
				0E69BBB92AD063E500FE870F /* ReferAFriendView.swift */,
				0E69BBBB2AD063F900FE870F /* BackButton.swift */,
				7F098E362C3EB4E500DB7A47 /* ActivityViewController.swift */,
				7F098E3E2C3FB15200DB7A47 /* ShareView.swift */,
				7F098E402C402FD300DB7A47 /* ToastView.swift */,
				7F098E422C4589DA00DB7A47 /* WebViewController.swift */,
				7F098E442C458CB400DB7A47 /* WebViewContainer.swift */,
			);
			path = View;
			sourceTree = "<group>";
		};
		0E69BB8B2AD0209D00FE870F /* TabViews */ = {
			isa = PBXGroup;
			children = (
				0E69BB952AD0625D00FE870F /* Home.swift */,
				0E69BB972AD0627500FE870F /* ProfilePage.swift */,
				0E69BB9B2AD062A800FE870F /* LikedPage.swift */,
				0E69BB9D2AD062BE00FE870F /* CartPage.swift */,
				0E69BB9F2AD062D200FE870F /* ProductListing.swift */,
			);
			path = TabViews;
			sourceTree = "<group>";
		};
		0E69BBC62AD0691B00FE870F /* Frameworks */ = {
			isa = PBXGroup;
			children = (
				0E69BBD72AD0695100FE870F /* LinkPresentation.framework */,
				0E69BBD52AD0694B00FE870F /* StoreKit.framework */,
				0E69BBD32AD0694500FE870F /* AdSupport.framework */,
				0E69BBD12AD0693D00FE870F /* AdServices.framework */,
				0E69BBCF2AD0693700FE870F /* CoreSpotlight.framework */,
				0E69BBCD2AD0693000FE870F /* WebKit.framework */,
				0E69BBCB2AD0692900FE870F /* CoreTelephony.framework */,
				0E69BBC92AD0692300FE870F /* SystemConfiguration.framework */,
				0E69BBC72AD0691C00FE870F /* CoreServices.framework */,
			);
			name = Frameworks;
			sourceTree = "<group>";
		};
/* End PBXGroup section */

/* Begin PBXNativeTarget section */
		0E69BB752AD01F9100FE870F /* bumonsterapp */ = {
			isa = PBXNativeTarget;
			buildConfigurationList = 0E69BB842AD01F9200FE870F /* Build configuration list for PBXNativeTarget "bumonsterapp" */;
			buildPhases = (
				0E69BB722AD01F9100FE870F /* Sources */,
				0E69BB732AD01F9100FE870F /* Frameworks */,
				0E69BB742AD01F9100FE870F /* Resources */,
			);
			buildRules = (
			);
			dependencies = (
			);
			name = bumonsterapp;
			packageProductDependencies = (
				0E69BBC02AD0648600FE870F /* BranchSDK */,
			);
			productName = bumonsterapp;
			productReference = 0E69BB762AD01F9100FE870F /* bumonsterapp.app */;
			productType = "com.apple.product-type.application";
		};
/* End PBXNativeTarget section */

/* Begin PBXProject section */
		0E69BB6E2AD01F9100FE870F /* Project object */ = {
			isa = PBXProject;
			attributes = {
				BuildIndependentTargetsInParallel = 1;
				LastSwiftUpdateCheck = 1430;
				LastUpgradeCheck = 1430;
				TargetAttributes = {
					0E69BB752AD01F9100FE870F = {
						CreatedOnToolsVersion = 14.3.1;
					};
				};
			};
			buildConfigurationList = 0E69BB712AD01F9100FE870F /* Build configuration list for PBXProject "bumonsterapp" */;
			compatibilityVersion = "Xcode 14.0";
			developmentRegion = en;
			hasScannedForEncodings = 0;
			knownRegions = (
				en,
				Base,
			);
			mainGroup = 0E69BB6D2AD01F9100FE870F;
			packageReferences = (
				0E69BBBF2AD0648600FE870F /* XCRemoteSwiftPackageReference "ios-branch-sdk-spm" */,
			);
			productRefGroup = 0E69BB772AD01F9100FE870F /* Products */;
			projectDirPath = "";
			projectRoot = "";
			targets = (
				0E69BB752AD01F9100FE870F /* bumonsterapp */,
			);
		};
/* End PBXProject section */

/* Begin PBXResourcesBuildPhase section */
		0E69BB742AD01F9100FE870F /* Resources */ = {
			isa = PBXResourcesBuildPhase;
			buildActionMask = 2147483647;
			files = (
				0E69BB812AD01F9200FE870F /* Preview Assets.xcassets in Resources */,
				0E69BB7E2AD01F9200FE870F /* Assets.xcassets in Resources */,
			);
			runOnlyForDeploymentPostprocessing = 0;
		};
/* End PBXResourcesBuildPhase section */

/* Begin PBXSourcesBuildPhase section */
		0E69BB722AD01F9100FE870F /* Sources */ = {
			isa = PBXSourcesBuildPhase;
			buildActionMask = 2147483647;
			files = (
				0E69BB9C2AD062A800FE870F /* LikedPage.swift in Sources */,
				0E69BB9E2AD062BE00FE870F /* CartPage.swift in Sources */,
				0E69BBB62AD063B600FE870F /* AppLogo.swift in Sources */,
				7F098E472C45A77800DB7A47 /* BranchEvents.swift in Sources */,
				0E69BBA22AD062E800FE870F /* StaggeredGrid.swift in Sources */,
				7F098E412C402FD300DB7A47 /* ToastView.swift in Sources */,
				0E69BBA02AD062D200FE870F /* ProductListing.swift in Sources */,
				0E69BBAE2AD0636600FE870F /* MoreProductsView.swift in Sources */,
				0E69BBAA2AD0634100FE870F /* CustomCorners.swift in Sources */,
				0E69BBC52AD0667D00FE870F /* Constants.swift in Sources */,
				0E69BBC32AD0661200FE870F /* Product.swift in Sources */,
				0E69BBA82AD0632F00FE870F /* ProductView.swift in Sources */,
				0E69BBBC2AD063F900FE870F /* BackButton.swift in Sources */,
				7F098E372C3EB4E500DB7A47 /* ActivityViewController.swift in Sources */,
				7F098E452C458CB400DB7A47 /* WebViewContainer.swift in Sources */,
				0E69BB7C2AD01F9100FE870F /* ContentView.swift in Sources */,
				0E69BB912AD0623500FE870F /* LoginPageModel.swift in Sources */,
				7F098E3F2C3FB15200DB7A47 /* ShareView.swift in Sources */,
				0E69BBA62AD0631300FE870F /* LoginPage.swift in Sources */,
				0E69BBB02AD0637B00FE870F /* SearchView.swift in Sources */,
				0E69BB7A2AD01F9100FE870F /* bumonsterappApp.swift in Sources */,
				0E69BBA42AD062FE00FE870F /* OnBoardingPage.swift in Sources */,
				7F098E392C3EE59600DB7A47 /* DeepLinkViewModel.swift in Sources */,
				0E69BBAC2AD0635300FE870F /* MainPage.swift in Sources */,
				0E69BBBA2AD063E500FE870F /* ReferAFriendView.swift in Sources */,
				0E69BBB82AD063CA00FE870F /* ProductDetailsPage.swift in Sources */,
				0E69BB982AD0627500FE870F /* ProfilePage.swift in Sources */,
				0E69BB8D2AD0620400FE870F /* SwiftUIView.swift in Sources */,
				0E69BB962AD0625D00FE870F /* Home.swift in Sources */,
				0E69BB8F2AD0621F00FE870F /* HomeViewModel.swift in Sources */,
				7F098E432C4589DA00DB7A47 /* WebViewController.swift in Sources */,
				0E69BBB22AD0639000FE870F /* OrderConfirmationPage.swift in Sources */,
				0E69BBB42AD063A300FE870F /* ThemeButton.swift in Sources */,
			);
			runOnlyForDeploymentPostprocessing = 0;
		};
/* End PBXSourcesBuildPhase section */

/* Begin XCBuildConfiguration section */
		0E69BB822AD01F9200FE870F /* Debug */ = {
			isa = XCBuildConfiguration;
			buildSettings = {
				ALWAYS_SEARCH_USER_PATHS = NO;
				CLANG_ANALYZER_NONNULL = YES;
				CLANG_ANALYZER_NUMBER_OBJECT_CONVERSION = YES_AGGRESSIVE;
				CLANG_CXX_LANGUAGE_STANDARD = "gnu++20";
				CLANG_ENABLE_MODULES = YES;
				CLANG_ENABLE_OBJC_ARC = YES;
				CLANG_ENABLE_OBJC_WEAK = YES;
				CLANG_WARN_BLOCK_CAPTURE_AUTORELEASING = YES;
				CLANG_WARN_BOOL_CONVERSION = YES;
				CLANG_WARN_COMMA = YES;
				CLANG_WARN_CONSTANT_CONVERSION = YES;
				CLANG_WARN_DEPRECATED_OBJC_IMPLEMENTATIONS = YES;
				CLANG_WARN_DIRECT_OBJC_ISA_USAGE = YES_ERROR;
				CLANG_WARN_DOCUMENTATION_COMMENTS = YES;
				CLANG_WARN_EMPTY_BODY = YES;
				CLANG_WARN_ENUM_CONVERSION = YES;
				CLANG_WARN_INFINITE_RECURSION = YES;
				CLANG_WARN_INT_CONVERSION = YES;
				CLANG_WARN_NON_LITERAL_NULL_CONVERSION = YES;
				CLANG_WARN_OBJC_IMPLICIT_RETAIN_SELF = YES;
				CLANG_WARN_OBJC_LITERAL_CONVERSION = YES;
				CLANG_WARN_OBJC_ROOT_CLASS = YES_ERROR;
				CLANG_WARN_QUOTED_INCLUDE_IN_FRAMEWORK_HEADER = YES;
				CLANG_WARN_RANGE_LOOP_ANALYSIS = YES;
				CLANG_WARN_STRICT_PROTOTYPES = YES;
				CLANG_WARN_SUSPICIOUS_MOVE = YES;
				CLANG_WARN_UNGUARDED_AVAILABILITY = YES_AGGRESSIVE;
				CLANG_WARN_UNREACHABLE_CODE = YES;
				CLANG_WARN__DUPLICATE_METHOD_MATCH = YES;
				COPY_PHASE_STRIP = NO;
				DEBUG_INFORMATION_FORMAT = dwarf;
				ENABLE_STRICT_OBJC_MSGSEND = YES;
				ENABLE_TESTABILITY = YES;
				GCC_C_LANGUAGE_STANDARD = gnu11;
				GCC_DYNAMIC_NO_PIC = NO;
				GCC_NO_COMMON_BLOCKS = YES;
				GCC_OPTIMIZATION_LEVEL = 0;
				GCC_PREPROCESSOR_DEFINITIONS = (
					"DEBUG=1",
					"$(inherited)",
				);
				GCC_WARN_64_TO_32_BIT_CONVERSION = YES;
				GCC_WARN_ABOUT_RETURN_TYPE = YES_ERROR;
				GCC_WARN_UNDECLARED_SELECTOR = YES;
				GCC_WARN_UNINITIALIZED_AUTOS = YES_AGGRESSIVE;
				GCC_WARN_UNUSED_FUNCTION = YES;
				GCC_WARN_UNUSED_VARIABLE = YES;
				IPHONEOS_DEPLOYMENT_TARGET = 16.4;
				MTL_ENABLE_DEBUG_INFO = INCLUDE_SOURCE;
				MTL_FAST_MATH = YES;
				ONLY_ACTIVE_ARCH = YES;
				SDKROOT = iphoneos;
				SWIFT_ACTIVE_COMPILATION_CONDITIONS = DEBUG;
				SWIFT_OPTIMIZATION_LEVEL = "-Onone";
			};
			name = Debug;
		};
		0E69BB832AD01F9200FE870F /* Release */ = {
			isa = XCBuildConfiguration;
			buildSettings = {
				ALWAYS_SEARCH_USER_PATHS = NO;
				CLANG_ANALYZER_NONNULL = YES;
				CLANG_ANALYZER_NUMBER_OBJECT_CONVERSION = YES_AGGRESSIVE;
				CLANG_CXX_LANGUAGE_STANDARD = "gnu++20";
				CLANG_ENABLE_MODULES = YES;
				CLANG_ENABLE_OBJC_ARC = YES;
				CLANG_ENABLE_OBJC_WEAK = YES;
				CLANG_WARN_BLOCK_CAPTURE_AUTORELEASING = YES;
				CLANG_WARN_BOOL_CONVERSION = YES;
				CLANG_WARN_COMMA = YES;
				CLANG_WARN_CONSTANT_CONVERSION = YES;
				CLANG_WARN_DEPRECATED_OBJC_IMPLEMENTATIONS = YES;
				CLANG_WARN_DIRECT_OBJC_ISA_USAGE = YES_ERROR;
				CLANG_WARN_DOCUMENTATION_COMMENTS = YES;
				CLANG_WARN_EMPTY_BODY = YES;
				CLANG_WARN_ENUM_CONVERSION = YES;
				CLANG_WARN_INFINITE_RECURSION = YES;
				CLANG_WARN_INT_CONVERSION = YES;
				CLANG_WARN_NON_LITERAL_NULL_CONVERSION = YES;
				CLANG_WARN_OBJC_IMPLICIT_RETAIN_SELF = YES;
				CLANG_WARN_OBJC_LITERAL_CONVERSION = YES;
				CLANG_WARN_OBJC_ROOT_CLASS = YES_ERROR;
				CLANG_WARN_QUOTED_INCLUDE_IN_FRAMEWORK_HEADER = YES;
				CLANG_WARN_RANGE_LOOP_ANALYSIS = YES;
				CLANG_WARN_STRICT_PROTOTYPES = YES;
				CLANG_WARN_SUSPICIOUS_MOVE = YES;
				CLANG_WARN_UNGUARDED_AVAILABILITY = YES_AGGRESSIVE;
				CLANG_WARN_UNREACHABLE_CODE = YES;
				CLANG_WARN__DUPLICATE_METHOD_MATCH = YES;
				COPY_PHASE_STRIP = NO;
				DEBUG_INFORMATION_FORMAT = "dwarf-with-dsym";
				ENABLE_NS_ASSERTIONS = NO;
				ENABLE_STRICT_OBJC_MSGSEND = YES;
				GCC_C_LANGUAGE_STANDARD = gnu11;
				GCC_NO_COMMON_BLOCKS = YES;
				GCC_WARN_64_TO_32_BIT_CONVERSION = YES;
				GCC_WARN_ABOUT_RETURN_TYPE = YES_ERROR;
				GCC_WARN_UNDECLARED_SELECTOR = YES;
				GCC_WARN_UNINITIALIZED_AUTOS = YES_AGGRESSIVE;
				GCC_WARN_UNUSED_FUNCTION = YES;
				GCC_WARN_UNUSED_VARIABLE = YES;
				IPHONEOS_DEPLOYMENT_TARGET = 16.4;
				MTL_ENABLE_DEBUG_INFO = NO;
				MTL_FAST_MATH = YES;
				SDKROOT = iphoneos;
				SWIFT_COMPILATION_MODE = wholemodule;
				SWIFT_OPTIMIZATION_LEVEL = "-O";
				VALIDATE_PRODUCT = YES;
			};
			name = Release;
		};
		0E69BB852AD01F9200FE870F /* Debug */ = {
			isa = XCBuildConfiguration;
			buildSettings = {
				ASSETCATALOG_COMPILER_APPICON_NAME = AppIcon;
				ASSETCATALOG_COMPILER_GLOBAL_ACCENT_COLOR_NAME = AccentColor;
				CODE_SIGN_ENTITLEMENTS = bumonsterapp/bumonsterapp.entitlements;
				CODE_SIGN_IDENTITY = "Apple Development";
				CODE_SIGN_STYLE = Automatic;
				CURRENT_PROJECT_VERSION = 1;
				DEVELOPMENT_ASSET_PATHS = "\"bumonsterapp/Preview Content\"";
				DEVELOPMENT_TEAM = R63EM248DP;
				ENABLE_PREVIEWS = YES;
				GENERATE_INFOPLIST_FILE = YES;
				INFOPLIST_FILE = bumonsterapp/Info.plist;
				INFOPLIST_KEY_NSUserTrackingUsageDescription = "Allow tracking to improve our services and show relevant advertisements.";
				INFOPLIST_KEY_UIApplicationSceneManifest_Generation = YES;
				INFOPLIST_KEY_UIApplicationSupportsIndirectInputEvents = YES;
				INFOPLIST_KEY_UILaunchScreen_Generation = YES;
				INFOPLIST_KEY_UISupportedInterfaceOrientations_iPad = "UIInterfaceOrientationPortrait UIInterfaceOrientationPortraitUpsideDown UIInterfaceOrientationLandscapeLeft UIInterfaceOrientationLandscapeRight";
				INFOPLIST_KEY_UISupportedInterfaceOrientations_iPhone = "UIInterfaceOrientationPortrait UIInterfaceOrientationLandscapeLeft UIInterfaceOrientationLandscapeRight";
				LD_RUNPATH_SEARCH_PATHS = (
					"$(inherited)",
					"@executable_path/Frameworks",
				);
				MARKETING_VERSION = 1.0;
				PRODUCT_BUNDLE_IDENTIFIER = com.branch.bumonsters;
				PRODUCT_NAME = "$(TARGET_NAME)";
				PROVISIONING_PROFILE_SPECIFIER = "";
				SWIFT_EMIT_LOC_STRINGS = YES;
				SWIFT_VERSION = 5.0;
				TARGETED_DEVICE_FAMILY = "1,2";
			};
			name = Debug;
		};
		0E69BB862AD01F9200FE870F /* Release */ = {
			isa = XCBuildConfiguration;
			buildSettings = {
				ASSETCATALOG_COMPILER_APPICON_NAME = AppIcon;
				ASSETCATALOG_COMPILER_GLOBAL_ACCENT_COLOR_NAME = AccentColor;
				CODE_SIGN_ENTITLEMENTS = bumonsterapp/bumonsterapp.entitlements;
				CODE_SIGN_IDENTITY = "Apple Development";
				CODE_SIGN_STYLE = Automatic;
				CURRENT_PROJECT_VERSION = 1;
				DEVELOPMENT_ASSET_PATHS = "\"bumonsterapp/Preview Content\"";
				DEVELOPMENT_TEAM = R63EM248DP;
				ENABLE_PREVIEWS = YES;
				GENERATE_INFOPLIST_FILE = YES;
				INFOPLIST_FILE = bumonsterapp/Info.plist;
				INFOPLIST_KEY_NSUserTrackingUsageDescription = "Allow tracking to improve our services and show relevant advertisements.";
				INFOPLIST_KEY_UIApplicationSceneManifest_Generation = YES;
				INFOPLIST_KEY_UIApplicationSupportsIndirectInputEvents = YES;
				INFOPLIST_KEY_UILaunchScreen_Generation = YES;
				INFOPLIST_KEY_UISupportedInterfaceOrientations_iPad = "UIInterfaceOrientationPortrait UIInterfaceOrientationPortraitUpsideDown UIInterfaceOrientationLandscapeLeft UIInterfaceOrientationLandscapeRight";
				INFOPLIST_KEY_UISupportedInterfaceOrientations_iPhone = "UIInterfaceOrientationPortrait UIInterfaceOrientationLandscapeLeft UIInterfaceOrientationLandscapeRight";
				LD_RUNPATH_SEARCH_PATHS = (
					"$(inherited)",
					"@executable_path/Frameworks",
				);
				MARKETING_VERSION = 1.0;
				PRODUCT_BUNDLE_IDENTIFIER = com.branch.bumonsters;
				PRODUCT_NAME = "$(TARGET_NAME)";
				PROVISIONING_PROFILE_SPECIFIER = "";
				SWIFT_EMIT_LOC_STRINGS = YES;
				SWIFT_VERSION = 5.0;
				TARGETED_DEVICE_FAMILY = "1,2";
			};
			name = Release;
		};
/* End XCBuildConfiguration section */

/* Begin XCConfigurationList section */
		0E69BB712AD01F9100FE870F /* Build configuration list for PBXProject "bumonsterapp" */ = {
			isa = XCConfigurationList;
			buildConfigurations = (
				0E69BB822AD01F9200FE870F /* Debug */,
				0E69BB832AD01F9200FE870F /* Release */,
			);
			defaultConfigurationIsVisible = 0;
			defaultConfigurationName = Release;
		};
		0E69BB842AD01F9200FE870F /* Build configuration list for PBXNativeTarget "bumonsterapp" */ = {
			isa = XCConfigurationList;
			buildConfigurations = (
				0E69BB852AD01F9200FE870F /* Debug */,
				0E69BB862AD01F9200FE870F /* Release */,
			);
			defaultConfigurationIsVisible = 0;
			defaultConfigurationName = Release;
		};
/* End XCConfigurationList section */

/* Begin XCRemoteSwiftPackageReference section */
		0E69BBBF2AD0648600FE870F /* XCRemoteSwiftPackageReference "ios-branch-sdk-spm" */ = {
			isa = XCRemoteSwiftPackageReference;
			repositoryURL = "https://github.com/BranchMetrics/ios-branch-sdk-spm";
			requirement = {
				kind = upToNextMajorVersion;
				minimumVersion = 2.0.0;
			};
		};
/* End XCRemoteSwiftPackageReference section */

/* Begin XCSwiftPackageProductDependency section */
		0E69BBC02AD0648600FE870F /* BranchSDK */ = {
			isa = XCSwiftPackageProductDependency;
			package = 0E69BBBF2AD0648600FE870F /* XCRemoteSwiftPackageReference "ios-branch-sdk-spm" */;
			productName = BranchSDK;
		};
/* End XCSwiftPackageProductDependency section */
	};
	rootObject = 0E69BB6E2AD01F9100FE870F /* Project object */;
}
